
Microsoft Visual Studio Solution File, Format Version 12.00
# Visual Studio Version 17
VisualStudioVersion = 17.1.32210.238
MinimumVisualStudioVersion = 10.0.40219.1
Project("{FAE04EC0-301F-11D3-BF4B-00C04F79EFBC}") = "Automation with C-Sharp with Selenium", "ICICI\Automation with C-Sharp with Selenium.csproj", "{7D4AF831-2A80-4329-9028-DB9E4344330C}"
EndProject
Global
	GlobalSection(SolutionConfigurationPlatforms) = preSolution
		Debug|Any CPU = Debug|Any CPU
		Release|Any CPU = Release|Any CPU
	EndGlobalSection
	GlobalSection(ProjectConfigurationPlatforms) = postSolution
		{7D4AF831-2A80-4329-9028-DB9E4344330C}.Debug|Any CPU.ActiveCfg = Debug|Any CPU
		{7D4AF831-2A80-4329-9028-DB9E4344330C}.Debug|Any CPU.Build.0 = Debug|Any CPU
		{7D4AF831-2A80-4329-9028-DB9E4344330C}.Release|Any CPU.ActiveCfg = Release|Any CPU
		{7D4AF831-2A80-4329-9028-DB9E4344330C}.Release|Any CPU.Build.0 = Release|Any CPU
	EndGlobalSection
	GlobalSection(SolutionProperties) = preSolution
		HideSolutionNode = FALSE
	EndGlobalSection
	GlobalSection(ExtensibilityGlobals) = postSolution
		SolutionGuid = {CDDCEEFB-C3F4-4D13-B201-0C8F2A238682}
	EndGlobalSection
EndGlobal
